// !$*UTF8*$!
{
	archiveVersion = 1;
	classes = {
	};
	objectVersion = 48;
	objects = {

/* Begin PBXBuildFile section */
		581DB1F1200BEAD1002339B7 /* yanone-kaffeesatz.regular.ttf in Resources */ = {isa = PBXBuildFile; fileRef = 581DB1EF200BEAD0002339B7 /* yanone-kaffeesatz.regular.ttf */; };
		581DB1F2200BEAD1002339B7 /* yanone-kaffeesatz.bold.ttf in Resources */ = {isa = PBXBuildFile; fileRef = 581DB1F0200BEAD1002339B7 /* yanone-kaffeesatz.bold.ttf */; };
		582A609A2003B8010094EC8A /* RideI_ViewController.swift in Sources */ = {isa = PBXBuildFile; fileRef = 582A60992003B8010094EC8A /* RideI_ViewController.swift */; };
		582A609C2003B81B0094EC8A /* RideII_ViewController.swift in Sources */ = {isa = PBXBuildFile; fileRef = 582A609B2003B81B0094EC8A /* RideII_ViewController.swift */; };
		5895B59B200E97A600A6BFDD /* TLViewController.swift in Sources */ = {isa = PBXBuildFile; fileRef = 5895B59A200E97A600A6BFDD /* TLViewController.swift */; };
		5895B59D200E986400A6BFDD /* TimelineView.swift in Sources */ = {isa = PBXBuildFile; fileRef = 5895B59C200E986400A6BFDD /* TimelineView.swift */; };
		5895B59F200E9B2800A6BFDD /* heart.png in Resources */ = {isa = PBXBuildFile; fileRef = 5895B59E200E9B2800A6BFDD /* heart.png */; };
		589F936B1FCF626700B7078E /* SettingsTableViewController.swift in Sources */ = {isa = PBXBuildFile; fileRef = 589F936A1FCF626700B7078E /* SettingsTableViewController.swift */; };
		58AC5D501FFDD87E0031A499 /* LocalNotifications.swift in Sources */ = {isa = PBXBuildFile; fileRef = 58AC5D4F1FFDD87E0031A499 /* LocalNotifications.swift */; };
		58BE2F831FA16C3600CB8A6D /* AppDelegate.swift in Sources */ = {isa = PBXBuildFile; fileRef = 58BE2F821FA16C3600CB8A6D /* AppDelegate.swift */; };
		58BE2F871FA16C3600CB8A6D /* BleViewController.swift in Sources */ = {isa = PBXBuildFile; fileRef = 58BE2F861FA16C3600CB8A6D /* BleViewController.swift */; };
		58BE2F8A1FA16C3600CB8A6D /* Main.storyboard in Resources */ = {isa = PBXBuildFile; fileRef = 58BE2F881FA16C3600CB8A6D /* Main.storyboard */; };
		58BE2F8C1FA16C3600CB8A6D /* Assets.xcassets in Resources */ = {isa = PBXBuildFile; fileRef = 58BE2F8B1FA16C3600CB8A6D /* Assets.xcassets */; };
		58BE2F8F1FA16C3600CB8A6D /* LaunchScreen.storyboard in Resources */ = {isa = PBXBuildFile; fileRef = 58BE2F8D1FA16C3600CB8A6D /* LaunchScreen.storyboard */; };
		58C7ED7C1FC32A2600B44AC1 /* BLTE_TableViewCell.swift in Sources */ = {isa = PBXBuildFile; fileRef = 58C7ED7B1FC32A2600B44AC1 /* BLTE_TableViewCell.swift */; };
		58E2F4491FFE6B83005FCE41 /* HistoryViewController.swift in Sources */ = {isa = PBXBuildFile; fileRef = 58E2F4481FFE6B83005FCE41 /* HistoryViewController.swift */; };
		58F0A89C20025B5B00240391 /* RideX_ViewController.swift in Sources */ = {isa = PBXBuildFile; fileRef = 58F0A89B20025B5B00240391 /* RideX_ViewController.swift */; };
		58FBC8831FC788FB00D58897 /* Process_Sensor_Data.swift in Sources */ = {isa = PBXBuildFile; fileRef = 58FBC8821FC788FB00D58897 /* Process_Sensor_Data.swift */; };
		58FBC8851FC79FC600D58897 /* Model.swift in Sources */ = {isa = PBXBuildFile; fileRef = 58FBC8841FC79FC600D58897 /* Model.swift */; };
/* End PBXBuildFile section */

/* Begin PBXFileReference section */
		581DB1EF200BEAD0002339B7 /* yanone-kaffeesatz.regular.ttf */ = {isa = PBXFileReference; lastKnownFileType = file; path = "yanone-kaffeesatz.regular.ttf"; sourceTree = "<group>"; };
		581DB1F0200BEAD1002339B7 /* yanone-kaffeesatz.bold.ttf */ = {isa = PBXFileReference; lastKnownFileType = file; path = "yanone-kaffeesatz.bold.ttf"; sourceTree = "<group>"; };
		582A60992003B8010094EC8A /* RideI_ViewController.swift */ = {isa = PBXFileReference; lastKnownFileType = sourcecode.swift; path = RideI_ViewController.swift; sourceTree = "<group>"; };
		582A609B2003B81B0094EC8A /* RideII_ViewController.swift */ = {isa = PBXFileReference; lastKnownFileType = sourcecode.swift; path = RideII_ViewController.swift; sourceTree = "<group>"; };
		5895B59A200E97A600A6BFDD /* TLViewController.swift */ = {isa = PBXFileReference; lastKnownFileType = sourcecode.swift; path = TLViewController.swift; sourceTree = "<group>"; };
		5895B59C200E986400A6BFDD /* TimelineView.swift */ = {isa = PBXFileReference; lastKnownFileType = sourcecode.swift; path = TimelineView.swift; sourceTree = "<group>"; };
		5895B59E200E9B2800A6BFDD /* heart.png */ = {isa = PBXFileReference; lastKnownFileType = image.png; path = heart.png; sourceTree = "<group>"; };
		589F936A1FCF626700B7078E /* SettingsTableViewController.swift */ = {isa = PBXFileReference; lastKnownFileType = sourcecode.swift; path = SettingsTableViewController.swift; sourceTree = "<group>"; };
		58AC5D4F1FFDD87E0031A499 /* LocalNotifications.swift */ = {isa = PBXFileReference; lastKnownFileType = sourcecode.swift; path = LocalNotifications.swift; sourceTree = "<group>"; };
		58BE2F7F1FA16C3600CB8A6D /* xxyy.app */ = {isa = PBXFileReference; explicitFileType = wrapper.application; includeInIndex = 0; path = xxyy.app; sourceTree = BUILT_PRODUCTS_DIR; };
		58BE2F821FA16C3600CB8A6D /* AppDelegate.swift */ = {isa = PBXFileReference; lastKnownFileType = sourcecode.swift; path = AppDelegate.swift; sourceTree = "<group>"; };
		58BE2F861FA16C3600CB8A6D /* BleViewController.swift */ = {isa = PBXFileReference; lastKnownFileType = sourcecode.swift; path = BleViewController.swift; sourceTree = "<group>"; };
		58BE2F891FA16C3600CB8A6D /* Base */ = {isa = PBXFileReference; lastKnownFileType = file.storyboard; name = Base; path = Base.lproj/Main.storyboard; sourceTree = "<group>"; };
		58BE2F8B1FA16C3600CB8A6D /* Assets.xcassets */ = {isa = PBXFileReference; lastKnownFileType = folder.assetcatalog; path = Assets.xcassets; sourceTree = "<group>"; };
		58BE2F8E1FA16C3600CB8A6D /* Base */ = {isa = PBXFileReference; lastKnownFileType = file.storyboard; name = Base; path = Base.lproj/LaunchScreen.storyboard; sourceTree = "<group>"; };
		58BE2F901FA16C3600CB8A6D /* Info.plist */ = {isa = PBXFileReference; lastKnownFileType = text.plist.xml; path = Info.plist; sourceTree = "<group>"; };
		58C7ED7B1FC32A2600B44AC1 /* BLTE_TableViewCell.swift */ = {isa = PBXFileReference; lastKnownFileType = sourcecode.swift; path = BLTE_TableViewCell.swift; sourceTree = "<group>"; };
		58E2F4481FFE6B83005FCE41 /* HistoryViewController.swift */ = {isa = PBXFileReference; lastKnownFileType = sourcecode.swift; path = HistoryViewController.swift; sourceTree = "<group>"; };
		58F0A89B20025B5B00240391 /* RideX_ViewController.swift */ = {isa = PBXFileReference; lastKnownFileType = sourcecode.swift; path = RideX_ViewController.swift; sourceTree = "<group>"; };
		58FBC8821FC788FB00D58897 /* Process_Sensor_Data.swift */ = {isa = PBXFileReference; lastKnownFileType = sourcecode.swift; path = Process_Sensor_Data.swift; sourceTree = "<group>"; };
		58FBC8841FC79FC600D58897 /* Model.swift */ = {isa = PBXFileReference; lastKnownFileType = sourcecode.swift; path = Model.swift; sourceTree = "<group>"; };
/* End PBXFileReference section */

/* Begin PBXFrameworksBuildPhase section */
		58BE2F7C1FA16C3600CB8A6D /* Frameworks */ = {
			isa = PBXFrameworksBuildPhase;
			buildActionMask = 2147483647;
			files = (
			);
			runOnlyForDeploymentPostprocessing = 0;
		};
/* End PBXFrameworksBuildPhase section */

/* Begin PBXGroup section */
		58BE2F761FA16C3600CB8A6D = {
			isa = PBXGroup;
			children = (
				58BE2F811FA16C3600CB8A6D /* xxyy */,
				58BE2F801FA16C3600CB8A6D /* Products */,
			);
			sourceTree = "<group>";
		};
		58BE2F801FA16C3600CB8A6D /* Products */ = {
			isa = PBXGroup;
			children = (
				58BE2F7F1FA16C3600CB8A6D /* xxyy.app */,
			);
			name = Products;
			sourceTree = "<group>";
		};
		58BE2F811FA16C3600CB8A6D /* xxyy */ = {
			isa = PBXGroup;
			children = (
				5895B59E200E9B2800A6BFDD /* heart.png */,
				581DB1F0200BEAD1002339B7 /* yanone-kaffeesatz.bold.ttf */,
				581DB1EF200BEAD0002339B7 /* yanone-kaffeesatz.regular.ttf */,
				58BE2F821FA16C3600CB8A6D /* AppDelegate.swift */,
				582A60992003B8010094EC8A /* RideI_ViewController.swift */,
				582A609B2003B81B0094EC8A /* RideII_ViewController.swift */,
				58F0A89B20025B5B00240391 /* RideX_ViewController.swift */,
				58BE2F861FA16C3600CB8A6D /* BleViewController.swift */,
				589F936A1FCF626700B7078E /* SettingsTableViewController.swift */,
				58E2F4481FFE6B83005FCE41 /* HistoryViewController.swift */,
				58FBC8821FC788FB00D58897 /* Process_Sensor_Data.swift */,
				58FBC8841FC79FC600D58897 /* Model.swift */,
				5895B59C200E986400A6BFDD /* TimelineView.swift */,
				58BE2F881FA16C3600CB8A6D /* Main.storyboard */,
				5895B59A200E97A600A6BFDD /* TLViewController.swift */,
				58AC5D4F1FFDD87E0031A499 /* LocalNotifications.swift */,
				58C7ED7B1FC32A2600B44AC1 /* BLTE_TableViewCell.swift */,
				58BE2F8B1FA16C3600CB8A6D /* Assets.xcassets */,
				58BE2F8D1FA16C3600CB8A6D /* LaunchScreen.storyboard */,
				58BE2F901FA16C3600CB8A6D /* Info.plist */,
			);
			path = xxyy;
			sourceTree = "<group>";
		};
/* End PBXGroup section */

/* Begin PBXNativeTarget section */
		58BE2F7E1FA16C3600CB8A6D /* xxyy */ = {
			isa = PBXNativeTarget;
			buildConfigurationList = 58BE2F931FA16C3600CB8A6D /* Build configuration list for PBXNativeTarget "xxyy" */;
			buildPhases = (
				58BE2F7B1FA16C3600CB8A6D /* Sources */,
				58BE2F7C1FA16C3600CB8A6D /* Frameworks */,
				58BE2F7D1FA16C3600CB8A6D /* Resources */,
			);
			buildRules = (
			);
			dependencies = (
			);
			name = xxyy;
			productName = xxyy;
			productReference = 58BE2F7F1FA16C3600CB8A6D /* xxyy.app */;
			productType = "com.apple.product-type.application";
		};
/* End PBXNativeTarget section */

/* Begin PBXProject section */
		58BE2F771FA16C3600CB8A6D /* Project object */ = {
			isa = PBXProject;
			attributes = {
				LastSwiftUpdateCheck = 0900;
				LastUpgradeCheck = 0900;
				ORGANIZATIONNAME = aaronep;
				TargetAttributes = {
					58BE2F7E1FA16C3600CB8A6D = {
						CreatedOnToolsVersion = 9.0.1;
						ProvisioningStyle = Automatic;
						SystemCapabilities = {
							com.apple.BackgroundModes = {
								enabled = 1;
							};
						};
					};
				};
			};
			buildConfigurationList = 58BE2F7A1FA16C3600CB8A6D /* Build configuration list for PBXProject "xxyy" */;
			compatibilityVersion = "Xcode 8.0";
			developmentRegion = en;
			hasScannedForEncodings = 0;
			knownRegions = (
				en,
				Base,
			);
			mainGroup = 58BE2F761FA16C3600CB8A6D;
			productRefGroup = 58BE2F801FA16C3600CB8A6D /* Products */;
			projectDirPath = "";
			projectRoot = "";
			targets = (
				58BE2F7E1FA16C3600CB8A6D /* xxyy */,
			);
		};
/* End PBXProject section */

/* Begin PBXResourcesBuildPhase section */
		58BE2F7D1FA16C3600CB8A6D /* Resources */ = {
			isa = PBXResourcesBuildPhase;
			buildActionMask = 2147483647;
			files = (
				581DB1F1200BEAD1002339B7 /* yanone-kaffeesatz.regular.ttf in Resources */,
				581DB1F2200BEAD1002339B7 /* yanone-kaffeesatz.bold.ttf in Resources */,
				58BE2F8F1FA16C3600CB8A6D /* LaunchScreen.storyboard in Resources */,
				58BE2F8C1FA16C3600CB8A6D /* Assets.xcassets in Resources */,
				5895B59F200E9B2800A6BFDD /* heart.png in Resources */,
				58BE2F8A1FA16C3600CB8A6D /* Main.storyboard in Resources */,
			);
			runOnlyForDeploymentPostprocessing = 0;
		};
/* End PBXResourcesBuildPhase section */

/* Begin PBXSourcesBuildPhase section */
		58BE2F7B1FA16C3600CB8A6D /* Sources */ = {
			isa = PBXSourcesBuildPhase;
			buildActionMask = 2147483647;
			files = (
				5895B59B200E97A600A6BFDD /* TLViewController.swift in Sources */,
				58BE2F871FA16C3600CB8A6D /* BleViewController.swift in Sources */,
				58BE2F831FA16C3600CB8A6D /* AppDelegate.swift in Sources */,
				589F936B1FCF626700B7078E /* SettingsTableViewController.swift in Sources */,
				58F0A89C20025B5B00240391 /* RideX_ViewController.swift in Sources */,
				58FBC8831FC788FB00D58897 /* Process_Sensor_Data.swift in Sources */,
				582A609C2003B81B0094EC8A /* RideII_ViewController.swift in Sources */,
				58E2F4491FFE6B83005FCE41 /* HistoryViewController.swift in Sources */,
				58FBC8851FC79FC600D58897 /* Model.swift in Sources */,
				58C7ED7C1FC32A2600B44AC1 /* BLTE_TableViewCell.swift in Sources */,
				58AC5D501FFDD87E0031A499 /* LocalNotifications.swift in Sources */,
				582A609A2003B8010094EC8A /* RideI_ViewController.swift in Sources */,
				5895B59D200E986400A6BFDD /* TimelineView.swift in Sources */,
			);
			runOnlyForDeploymentPostprocessing = 0;
		};
/* End PBXSourcesBuildPhase section */

/* Begin PBXVariantGroup section */
		58BE2F881FA16C3600CB8A6D /* Main.storyboard */ = {
			isa = PBXVariantGroup;
			children = (
				58BE2F891FA16C3600CB8A6D /* Base */,
			);
			name = Main.storyboard;
			sourceTree = "<group>";
		};
		58BE2F8D1FA16C3600CB8A6D /* LaunchScreen.storyboard */ = {
			isa = PBXVariantGroup;
			children = (
				58BE2F8E1FA16C3600CB8A6D /* Base */,
			);
			name = LaunchScreen.storyboard;
			sourceTree = "<group>";
		};
/* End PBXVariantGroup section */

/* Begin XCBuildConfiguration section */
		58BE2F911FA16C3600CB8A6D /* Debug */ = {
			isa = XCBuildConfiguration;
			buildSettings = {
				ALWAYS_SEARCH_USER_PATHS = NO;
				CLANG_ANALYZER_NONNULL = YES;
				CLANG_ANALYZER_NUMBER_OBJECT_CONVERSION = YES_AGGRESSIVE;
				CLANG_CXX_LANGUAGE_STANDARD = "gnu++14";
				CLANG_CXX_LIBRARY = "libc++";
				CLANG_ENABLE_MODULES = YES;
				CLANG_ENABLE_OBJC_ARC = YES;
				CLANG_WARN_BLOCK_CAPTURE_AUTORELEASING = YES;
				CLANG_WARN_BOOL_CONVERSION = YES;
				CLANG_WARN_COMMA = YES;
				CLANG_WARN_CONSTANT_CONVERSION = YES;
				CLANG_WARN_DIRECT_OBJC_ISA_USAGE = YES_ERROR;
				CLANG_WARN_DOCUMENTATION_COMMENTS = YES;
				CLANG_WARN_EMPTY_BODY = YES;
				CLANG_WARN_ENUM_CONVERSION = YES;
				CLANG_WARN_INFINITE_RECURSION = YES;
				CLANG_WARN_INT_CONVERSION = YES;
				CLANG_WARN_NON_LITERAL_NULL_CONVERSION = YES;
				CLANG_WARN_OBJC_LITERAL_CONVERSION = YES;
				CLANG_WARN_OBJC_ROOT_CLASS = YES_ERROR;
				CLANG_WARN_RANGE_LOOP_ANALYSIS = YES;
				CLANG_WARN_STRICT_PROTOTYPES = YES;
				CLANG_WARN_SUSPICIOUS_MOVE = YES;
				CLANG_WARN_UNGUARDED_AVAILABILITY = YES_AGGRESSIVE;
				CLANG_WARN_UNREACHABLE_CODE = YES;
				CLANG_WARN__DUPLICATE_METHOD_MATCH = YES;
				CODE_SIGN_IDENTITY = "iPhone Developer";
				COPY_PHASE_STRIP = NO;
				DEBUG_INFORMATION_FORMAT = dwarf;
				ENABLE_STRICT_OBJC_MSGSEND = YES;
				ENABLE_TESTABILITY = YES;
				GCC_C_LANGUAGE_STANDARD = gnu11;
				GCC_DYNAMIC_NO_PIC = NO;
				GCC_NO_COMMON_BLOCKS = YES;
				GCC_OPTIMIZATION_LEVEL = 0;
				GCC_PREPROCESSOR_DEFINITIONS = (
					"DEBUG=1",
					"$(inherited)",
				);
				GCC_WARN_64_TO_32_BIT_CONVERSION = YES;
				GCC_WARN_ABOUT_RETURN_TYPE = YES_ERROR;
				GCC_WARN_UNDECLARED_SELECTOR = YES;
				GCC_WARN_UNINITIALIZED_AUTOS = YES_AGGRESSIVE;
				GCC_WARN_UNUSED_FUNCTION = YES;
				GCC_WARN_UNUSED_VARIABLE = YES;
				IPHONEOS_DEPLOYMENT_TARGET = 11.0;
				MTL_ENABLE_DEBUG_INFO = YES;
				ONLY_ACTIVE_ARCH = YES;
				SDKROOT = iphoneos;
				SWIFT_ACTIVE_COMPILATION_CONDITIONS = DEBUG;
				SWIFT_OPTIMIZATION_LEVEL = "-Onone";
			};
			name = Debug;
		};
		58BE2F921FA16C3600CB8A6D /* Release */ = {
			isa = XCBuildConfiguration;
			buildSettings = {
				ALWAYS_SEARCH_USER_PATHS = NO;
				CLANG_ANALYZER_NONNULL = YES;
				CLANG_ANALYZER_NUMBER_OBJECT_CONVERSION = YES_AGGRESSIVE;
				CLANG_CXX_LANGUAGE_STANDARD = "gnu++14";
				CLANG_CXX_LIBRARY = "libc++";
				CLANG_ENABLE_MODULES = YES;
				CLANG_ENABLE_OBJC_ARC = YES;
				CLANG_WARN_BLOCK_CAPTURE_AUTORELEASING = YES;
				CLANG_WARN_BOOL_CONVERSION = YES;
				CLANG_WARN_COMMA = YES;
				CLANG_WARN_CONSTANT_CONVERSION = YES;
				CLANG_WARN_DIRECT_OBJC_ISA_USAGE = YES_ERROR;
				CLANG_WARN_DOCUMENTATION_COMMENTS = YES;
				CLANG_WARN_EMPTY_BODY = YES;
				CLANG_WARN_ENUM_CONVERSION = YES;
				CLANG_WARN_INFINITE_RECURSION = YES;
				CLANG_WARN_INT_CONVERSION = YES;
				CLANG_WARN_NON_LITERAL_NULL_CONVERSION = YES;
				CLANG_WARN_OBJC_LITERAL_CONVERSION = YES;
				CLANG_WARN_OBJC_ROOT_CLASS = YES_ERROR;
				CLANG_WARN_RANGE_LOOP_ANALYSIS = YES;
				CLANG_WARN_STRICT_PROTOTYPES = YES;
				CLANG_WARN_SUSPICIOUS_MOVE = YES;
				CLANG_WARN_UNGUARDED_AVAILABILITY = YES_AGGRESSIVE;
				CLANG_WARN_UNREACHABLE_CODE = YES;
				CLANG_WARN__DUPLICATE_METHOD_MATCH = YES;
				CODE_SIGN_IDENTITY = "iPhone Developer";
				COPY_PHASE_STRIP = NO;
				DEBUG_INFORMATION_FORMAT = "dwarf-with-dsym";
				ENABLE_NS_ASSERTIONS = NO;
				ENABLE_STRICT_OBJC_MSGSEND = YES;
				GCC_C_LANGUAGE_STANDARD = gnu11;
				GCC_NO_COMMON_BLOCKS = YES;
				GCC_WARN_64_TO_32_BIT_CONVERSION = YES;
				GCC_WARN_ABOUT_RETURN_TYPE = YES_ERROR;
				GCC_WARN_UNDECLARED_SELECTOR = YES;
				GCC_WARN_UNINITIALIZED_AUTOS = YES_AGGRESSIVE;
				GCC_WARN_UNUSED_FUNCTION = YES;
				GCC_WARN_UNUSED_VARIABLE = YES;
				IPHONEOS_DEPLOYMENT_TARGET = 11.0;
				MTL_ENABLE_DEBUG_INFO = NO;
				SDKROOT = iphoneos;
				SWIFT_OPTIMIZATION_LEVEL = "-Owholemodule";
				VALIDATE_PRODUCT = YES;
			};
			name = Release;
		};
		58BE2F941FA16C3600CB8A6D /* Debug */ = {
			isa = XCBuildConfiguration;
			buildSettings = {
				ASSETCATALOG_COMPILER_APPICON_NAME = AppIcon;
				ASSETCATALOG_COMPILER_LAUNCHIMAGE_NAME = LaunchImage;
				CODE_SIGN_STYLE = Automatic;
				DEVELOPMENT_TEAM = 9483S2UTDX;
				INFOPLIST_FILE = xxyy/Info.plist;
				IPHONEOS_DEPLOYMENT_TARGET = 9.3;
				LD_RUNPATH_SEARCH_PATHS = "$(inherited) @executable_path/Frameworks";
				PRODUCT_BUNDLE_IDENTIFIER = com.aaronep.xxyy;
				PRODUCT_NAME = "$(TARGET_NAME)";
				SWIFT_VERSION = 4.0;
				TARGETED_DEVICE_FAMILY = "1,2";
			};
			name = Debug;
		};
		58BE2F951FA16C3600CB8A6D /* Release */ = {
			isa = XCBuildConfiguration;
			buildSettings = {
				ASSETCATALOG_COMPILER_APPICON_NAME = AppIcon;
				ASSETCATALOG_COMPILER_LAUNCHIMAGE_NAME = LaunchImage;
				CODE_SIGN_STYLE = Automatic;
				DEVELOPMENT_TEAM = 9483S2UTDX;
				INFOPLIST_FILE = xxyy/Info.plist;
				IPHONEOS_DEPLOYMENT_TARGET = 9.3;
				LD_RUNPATH_SEARCH_PATHS = "$(inherited) @executable_path/Frameworks";
				PRODUCT_BUNDLE_IDENTIFIER = com.aaronep.xxyy;
				PRODUCT_NAME = "$(TARGET_NAME)";
				SWIFT_VERSION = 4.0;
				TARGETED_DEVICE_FAMILY = "1,2";
			};
			name = Release;
		};
/* End XCBuildConfiguration section */

/* Begin XCConfigurationList section */
		58BE2F7A1FA16C3600CB8A6D /* Build configuration list for PBXProject "xxyy" */ = {
			isa = XCConfigurationList;
			buildConfigurations = (
				58BE2F911FA16C3600CB8A6D /* Debug */,
				58BE2F921FA16C3600CB8A6D /* Release */,
			);
			defaultConfigurationIsVisible = 0;
			defaultConfigurationName = Release;
		};
		58BE2F931FA16C3600CB8A6D /* Build configuration list for PBXNativeTarget "xxyy" */ = {
			isa = XCConfigurationList;
			buildConfigurations = (
				58BE2F941FA16C3600CB8A6D /* Debug */,
				58BE2F951FA16C3600CB8A6D /* Release */,
			);
			defaultConfigurationIsVisible = 0;
			defaultConfigurationName = Release;
		};
/* End XCConfigurationList section */
	};
	rootObject = 58BE2F771FA16C3600CB8A6D /* Project object */;
}
